
Microsoft Visual Studio Solution File, Format Version 12.00
# Visual Studio Version 17
VisualStudioVersion = 17.7.34031.279
MinimumVisualStudioVersion = 10.0.40219.1
Project("{8BC9CEB8-8B4A-11D0-8D11-00A0C91BC942}") = "LAB6_3rec", "LAB6_3rec\LAB6_3rec.vcxproj", "{B045EB1E-E829-4833-8E1E-4329A78DD148}"
EndProject
Project("{8BC9CEB8-8B4A-11D0-8D11-00A0C91BC942}") = "UnitTest1", "UnitTest1\UnitTest1.vcxproj", "{55001EEE-9292-40A4-87DE-45130D77AE30}"
EndProject
Global
	GlobalSection(SolutionConfigurationPlatforms) = preSolution
		Debug|x64 = Debug|x64
		Debug|x86 = Debug|x86
		Release|x64 = Release|x64
		Release|x86 = Release|x86
	EndGlobalSection
	GlobalSection(ProjectConfigurationPlatforms) = postSolution
		{B045EB1E-E829-4833-8E1E-4329A78DD148}.Debug|x64.ActiveCfg = Debug|x64
		{B045EB1E-E829-4833-8E1E-4329A78DD148}.Debug|x64.Build.0 = Debug|x64
		{B045EB1E-E829-4833-8E1E-4329A78DD148}.Debug|x86.ActiveCfg = Debug|Win32
		{B045EB1E-E829-4833-8E1E-4329A78DD148}.Debug|x86.Build.0 = Debug|Win32
		{B045EB1E-E829-4833-8E1E-4329A78DD148}.Release|x64.ActiveCfg = Release|x64
		{B045EB1E-E829-4833-8E1E-4329A78DD148}.Release|x64.Build.0 = Release|x64
		{B045EB1E-E829-4833-8E1E-4329A78DD148}.Release|x86.ActiveCfg = Release|Win32
		{B045EB1E-E829-4833-8E1E-4329A78DD148}.Release|x86.Build.0 = Release|Win32
		{55001EEE-9292-40A4-87DE-45130D77AE30}.Debug|x64.ActiveCfg = Debug|x64
		{55001EEE-9292-40A4-87DE-45130D77AE30}.Debug|x64.Build.0 = Debug|x64
		{55001EEE-9292-40A4-87DE-45130D77AE30}.Debug|x86.ActiveCfg = Debug|Win32
		{55001EEE-9292-40A4-87DE-45130D77AE30}.Debug|x86.Build.0 = Debug|Win32
		{55001EEE-9292-40A4-87DE-45130D77AE30}.Release|x64.ActiveCfg = Release|x64
		{55001EEE-9292-40A4-87DE-45130D77AE30}.Release|x64.Build.0 = Release|x64
		{55001EEE-9292-40A4-87DE-45130D77AE30}.Release|x86.ActiveCfg = Release|Win32
		{55001EEE-9292-40A4-87DE-45130D77AE30}.Release|x86.Build.0 = Release|Win32
	EndGlobalSection
	GlobalSection(SolutionProperties) = preSolution
		HideSolutionNode = FALSE
	EndGlobalSection
	GlobalSection(ExtensibilityGlobals) = postSolution
		SolutionGuid = {F3E07889-D91B-4B29-A15E-4B5B6D231C3B}
	EndGlobalSection
EndGlobal
